# THIS IS AN AUTOGENERATED FILE. DO NOT EDIT THIS FILE DIRECTLY.
# yarn lockfile v1


"@bpmn-io/cm-theme@^0.1.0-alpha.2":
  version "0.1.0-alpha.2"
  resolved "https://registry.yarnpkg.com/@bpmn-io/cm-theme/-/cm-theme-0.1.0-alpha.2.tgz#d9a170b8766ccd468115822a0d9898fd6903604d"
  integrity sha512-ZILgiYzxk3KMvxplUXmdRFQo45/JehDPg5k9tWfehmzUOSE13ssyLPil8uCloMQnb3yyzyOWTjb/wzKXTHlFQw==
  dependencies:
    "@codemirror/language" "^6.3.1"
    "@codemirror/view" "^6.5.1"
    "@lezer/highlight" "^1.1.4"

"@bpmn-io/diagram-js-ui@^0.2.3":
  version "0.2.3"
  resolved "https://registry.yarnpkg.com/@bpmn-io/diagram-js-ui/-/diagram-js-ui-0.2.3.tgz#7ace8aadb1b701eb770d0b34595dc1d1fb4c327c"
  integrity sha512-OGyjZKvGK8tHSZ0l7RfeKhilGoOGtFDcoqSGYkX0uhFlo99OVZ9Jn1K7TJGzcE9BdKwvA5Y5kGqHEhdTxHvFfw==
  dependencies:
    htm "^3.1.1"
    preact "^10.11.2"

"@bpmn-io/extract-process-variables@^1.0.0":
  version "1.0.0"
  resolved "https://registry.yarnpkg.com/@bpmn-io/extract-process-variables/-/extract-process-variables-1.0.0.tgz#77d179a808be1a2375855beef47d3064a8dac6c9"
  integrity sha512-4EpxKwsV1h1ttlFywo8Af+JBhGzmmv63C8x2Fu5traH8z/4VJbPa2AncIU2GFHj7LYeZlygEDYWPB0QRYoQWKg==
  dependencies:
    min-dash "^4.0.0"

"@bpmn-io/feel-editor@^1.9.0":
  version "1.9.1"
  resolved "https://registry.yarnpkg.com/@bpmn-io/feel-editor/-/feel-editor-1.9.1.tgz#2abf7e5046a3f344e383cd2a0abce35a55b1b18f"
  integrity sha512-UxSORdh5cwKM4fib4f9ov6J1/BHGpQVNtA+wPyEdKQyCyz3wqwE2/xe5wneVR1j5QFC5m2Na8nTy4a1TDFvZTw==
  dependencies:
    "@bpmn-io/feel-lint" "^1.3.0"
    "@codemirror/autocomplete" "^6.16.2"
    "@codemirror/commands" "^6.6.0"
    "@codemirror/language" "^6.10.2"
    "@codemirror/lint" "^6.8.0"
    "@codemirror/state" "^6.4.1"
    "@codemirror/view" "^6.28.1"
    "@lezer/highlight" "^1.2.0"
    lang-feel "^2.1.1"
    min-dom "^4.2.1"

"@bpmn-io/feel-lint@^1.2.0", "@bpmn-io/feel-lint@^1.3.0":
  version "1.3.1"
  resolved "https://registry.yarnpkg.com/@bpmn-io/feel-lint/-/feel-lint-1.3.1.tgz#b051c4b1482a3ac209e9aad41ad8855c783dca8d"
  integrity sha512-wcFkJKhOm/iqCt5bzkKvxL5Dr9wKwUD+t164bQYbJsTYouAqmkkxiGsoqck42hXwdIhMSguZ+vqQ3hj5QdiYCA==
  dependencies:
    "@codemirror/language" "^6.10.0"
    lezer-feel "^1.2.3"

"@bpmn-io/properties-panel@^3.25.0":
  version "3.25.0"
  resolved "https://registry.yarnpkg.com/@bpmn-io/properties-panel/-/properties-panel-3.25.0.tgz#243511e7caa12af378e4d2cd9cae7c8d45f8f5af"
  integrity sha512-SRGgj8uJc1Yyjcht2g36Q+xKR7sTx5VZXvcwDrdmQKlx5Y3nRmvmMjDGzeGDJDb7pNU1DSlaBJic84uISDBMWg==
  dependencies:
    "@bpmn-io/feel-editor" "^1.9.0"
    "@codemirror/view" "^6.28.1"
    classnames "^2.3.1"
    feelers "^1.4.0"
    focus-trap "^7.5.2"
    min-dash "^4.1.1"
    min-dom "^4.0.3"

"@codemirror/autocomplete@^6.10.1", "@codemirror/autocomplete@^6.16.2":
  version "6.18.2"
  resolved "https://registry.yarnpkg.com/@codemirror/autocomplete/-/autocomplete-6.18.2.tgz#bf3f15f1bf0fdfa3b4fac560e419adae1ece8a94"
  integrity sha512-wJGylKtMFR/Ds6Gh01+OovXE/pncPiKZNNBKuC39pKnH+XK5d9+WsNqcrdxPjFPFTigRBqse0rfxw9UxrfyhPg==
  dependencies:
    "@codemirror/language" "^6.0.0"
    "@codemirror/state" "^6.0.0"
    "@codemirror/view" "^6.17.0"
    "@lezer/common" "^1.0.0"

"@codemirror/commands@^6.3.0", "@codemirror/commands@^6.6.0":
  version "6.7.1"
  resolved "https://registry.yarnpkg.com/@codemirror/commands/-/commands-6.7.1.tgz#04561e95bc0779eaa49efd63e916c4efb3bbf6d6"
  integrity sha512-llTrboQYw5H4THfhN4U3qCnSZ1SOJ60ohhz+SzU0ADGtwlc533DtklQP0vSFaQuCPDn3BPpOd1GbbnUtwNjsrw==
  dependencies:
    "@codemirror/language" "^6.0.0"
    "@codemirror/state" "^6.4.0"
    "@codemirror/view" "^6.27.0"
    "@lezer/common" "^1.1.0"

"@codemirror/language@^6.0.0", "@codemirror/language@^6.10.0", "@codemirror/language@^6.10.2", "@codemirror/language@^6.3.1", "@codemirror/language@^6.9.1":
  version "6.10.3"
  resolved "https://registry.yarnpkg.com/@codemirror/language/-/language-6.10.3.tgz#eb25fc5ade19032e7bf1dcaa957804e5f1660585"
  integrity sha512-kDqEU5sCP55Oabl6E7m5N+vZRoc0iWqgDVhEKifcHzPzjqCegcO4amfrYVL9PmPZpl4G0yjkpTpUO/Ui8CzO8A==
  dependencies:
    "@codemirror/state" "^6.0.0"
    "@codemirror/view" "^6.23.0"
    "@lezer/common" "^1.1.0"
    "@lezer/highlight" "^1.0.0"
    "@lezer/lr" "^1.0.0"
    style-mod "^4.0.0"

"@codemirror/lint@^6.4.2", "@codemirror/lint@^6.8.0":
  version "6.8.2"
  resolved "https://registry.yarnpkg.com/@codemirror/lint/-/lint-6.8.2.tgz#7864b03583e9efd18554cff1dd4504da10338ab1"
  integrity sha512-PDFG5DjHxSEjOXk9TQYYVjZDqlZTFaDBfhQixHnQOEVDDNHUbEh/hstAjcQJaA6FQdZTD1hquXTK0rVBLADR1g==
  dependencies:
    "@codemirror/state" "^6.0.0"
    "@codemirror/view" "^6.0.0"
    crelt "^1.0.5"

"@codemirror/state@^6.0.0", "@codemirror/state@^6.3.0", "@codemirror/state@^6.4.0", "@codemirror/state@^6.4.1":
  version "6.4.1"
  resolved "https://registry.yarnpkg.com/@codemirror/state/-/state-6.4.1.tgz#da57143695c056d9a3c38705ed34136e2b68171b"
  integrity sha512-QkEyUiLhsJoZkbumGZlswmAhA7CBU02Wrz7zvH4SrcifbsqwlXShVXg65f3v/ts57W3dqyamEriMhij1Z3Zz4A==

"@codemirror/view@^6.0.0", "@codemirror/view@^6.17.0", "@codemirror/view@^6.21.3", "@codemirror/view@^6.23.0", "@codemirror/view@^6.27.0", "@codemirror/view@^6.28.1", "@codemirror/view@^6.5.1":
  version "6.34.2"
  resolved "https://registry.yarnpkg.com/@codemirror/view/-/view-6.34.2.tgz#c6cc1387be217f448af585f05f23e681f76aeda7"
  integrity sha512-d6n0WFvL970A9Z+l9N2dO+Hk9ev4hDYQzIx+B9tCyBP0W5wPEszi1rhuyFesNSkLZzXbQE5FPH7F/z/TMJfoPA==
  dependencies:
    "@codemirror/state" "^6.4.0"
    style-mod "^4.1.0"
    w3c-keyname "^2.2.4"

"@lezer/common@^1.0.0", "@lezer/common@^1.1.0", "@lezer/common@^1.2.1":
  version "1.2.3"
  resolved "https://registry.yarnpkg.com/@lezer/common/-/common-1.2.3.tgz#138fcddab157d83da557554851017c6c1e5667fd"
  integrity sha512-w7ojc8ejBqr2REPsWxJjrMFsA/ysDCFICn8zEOR9mrqzOu2amhITYuLD8ag6XZf0CFXDrhKqw7+tW8cX66NaDA==

"@lezer/highlight@^1.0.0", "@lezer/highlight@^1.1.4", "@lezer/highlight@^1.1.6", "@lezer/highlight@^1.2.0", "@lezer/highlight@^1.2.1":
  version "1.2.1"
  resolved "https://registry.yarnpkg.com/@lezer/highlight/-/highlight-1.2.1.tgz#596fa8f9aeb58a608be0a563e960c373cbf23f8b"
  integrity sha512-Z5duk4RN/3zuVO7Jq0pGLJ3qynpxUVsh7IbUbGj88+uV2ApSAn6kWg2au3iJb+0Zi7kKtqffIESgNcRXWZWmSA==
  dependencies:
    "@lezer/common" "^1.0.0"

"@lezer/lr@^1.0.0", "@lezer/lr@^1.3.13", "@lezer/lr@^1.4.2":
  version "1.4.2"
  resolved "https://registry.yarnpkg.com/@lezer/lr/-/lr-1.4.2.tgz#931ea3dea8e9de84e90781001dae30dea9ff1727"
  integrity sha512-pu0K1jCIdnQ12aWNaAVU5bzi7Bd1w54J3ECgANPmYLtQKP0HBj2cE/5coBD66MT10xbtIuUr7tg0Shbsvk0mDA==
  dependencies:
    "@lezer/common" "^1.0.0"

"@lezer/markdown@^1.1.0":
  version "1.3.2"
  resolved "https://registry.yarnpkg.com/@lezer/markdown/-/markdown-1.3.2.tgz#9d648b2a6cb47523f3d7ab494eee8c7be4f1ea9e"
  integrity sha512-Wu7B6VnrKTbBEohqa63h5vxXjiC4pO5ZQJ/TDbhJxPQaaIoRD/6UVDhSDtVsCwVZV12vvN9KxuLL3ATMnlG0oQ==
  dependencies:
    "@lezer/common" "^1.0.0"
    "@lezer/highlight" "^1.0.0"

array-move@^4.0.0:
  version "4.0.0"
  resolved "https://registry.yarnpkg.com/array-move/-/array-move-4.0.0.tgz#2c3730f056cc926f62a59769a5a8cda2fb6d8c55"
  integrity sha512-+RY54S8OuVvg94THpneQvFRmqWdAHeqtMzgMW6JNurHxe8rsS07cHQdfGkXnTUXiBcyZ0j3SiDIxxj0RPiqCkQ==

bpmn-js-properties-panel@^5.26.0:
  version "5.26.0"
  resolved "https://registry.yarnpkg.com/bpmn-js-properties-panel/-/bpmn-js-properties-panel-5.26.0.tgz#f248e2f7e30e1d6076117c74766626d661956e06"
  integrity sha512-xL6+sohIP81Ptj2Dk+EfgQommYW+1TFCKLq6XyWJoJTsPtHKxgJArq6vL2mSbWC8XE1/n1HCuypUTEsX/A1B/w==
  dependencies:
    "@bpmn-io/extract-process-variables" "^1.0.0"
    array-move "^4.0.0"
    ids "^1.0.5"
    min-dash "^4.2.1"
    min-dom "^4.2.1"

bpmn-js@^18.0.0:
  version "18.0.0"
  resolved "https://registry.yarnpkg.com/bpmn-js/-/bpmn-js-18.0.0.tgz#732a244c86a410d66971f67ef677954d2d405beb"
  integrity sha512-eZR4hqk2BT0m9jAGGtp/f1TD0m7LXXKfYle99q75d+NjSmxetIuvxGn48S9W+H8arJ7vgsls2GELzXoDuEE0eg==
  dependencies:
    bpmn-moddle "^9.0.1"
    diagram-js "^15.1.0"
    diagram-js-direct-editing "^3.2.0"
    ids "^1.0.5"
    inherits-browser "^0.1.0"
    min-dash "^4.1.1"
    min-dom "^4.2.1"
    tiny-svg "^3.1.2"

bpmn-moddle@^9.0.1:
  version "9.0.1"
  resolved "https://registry.yarnpkg.com/bpmn-moddle/-/bpmn-moddle-9.0.1.tgz#3b36883fd6151d8067372e3fe5c7769e427246cc"
  integrity sha512-jO2P5RBx0cZCCd+imqhpNE5anttaYuGd71u76NEA/qMZwJSW1t5ETAtw9/E2InfiPU2w0TR8oxPyopJXRc9VQg==
  dependencies:
    min-dash "^4.2.1"
    moddle "^7.0.0"
    moddle-xml "^11.0.0"

classnames@^2.3.1:
  version "2.5.1"
  resolved "https://registry.yarnpkg.com/classnames/-/classnames-2.5.1.tgz#ba774c614be0f016da105c858e7159eae8e7687b"
  integrity sha512-saHYOzhIQs6wy2sVxTM6bUDsQO4F50V9RQ22qBpEdCW+I+/Wmke2HOl6lS6dTpdxVhb88/I6+Hs+438c3lfUow==

clsx@^2.1.0:
  version "2.1.1"
  resolved "https://registry.yarnpkg.com/clsx/-/clsx-2.1.1.tgz#eed397c9fd8bd882bfb18deab7102049a2f32999"
  integrity sha512-eYm0QWBtUrBWZWG0d386OGAw16Z995PiOVo2B7bjWSbHedGl5e0ZWaq65kOGgUSNesEIDkB9ISbTg/JK9dhCZA==

component-event@^0.2.1:
  version "0.2.1"
  resolved "https://registry.yarnpkg.com/component-event/-/component-event-0.2.1.tgz#8262d2be886c999ad4b85ed3e0dfb3b3e98ca9d3"
  integrity sha512-wGA++isMqiDq1jPYeyv2as/Bt/u+3iLW0rEa+8NQ82jAv3TgqMiCM+B2SaBdn2DfLilLjjq736YcezihRYhfxw==

crelt@^1.0.5:
  version "1.0.6"
  resolved "https://registry.yarnpkg.com/crelt/-/crelt-1.0.6.tgz#7cc898ea74e190fb6ef9dae57f8f81cf7302df72"
  integrity sha512-VQ2MBenTq1fWZUH9DJNGti7kKv6EeAuYr3cLwxUWhIu1baTaXh4Ib5W2CqHVqib4/MqbYGJqiL3Zb8GJZr3l4g==

diagram-js-direct-editing@^3.2.0:
  version "3.2.0"
  resolved "https://registry.yarnpkg.com/diagram-js-direct-editing/-/diagram-js-direct-editing-3.2.0.tgz#63502c6929a624f44a2959efc95e75f01b293c15"
  integrity sha512-+pyxeQGBSdLiZX0/tmmsm2qZSvm9YtVzod5W3RMHSTR7VrkUMD6E7EX/W9JQv3ebxO7oIdqFmytmNDDpSHnYEw==
  dependencies:
    min-dash "^4.0.0"
    min-dom "^4.2.1"

diagram-js@^15.1.0:
  version "15.2.0"
  resolved "https://registry.yarnpkg.com/diagram-js/-/diagram-js-15.2.0.tgz#c7abceb0c6a0a05159740f12fd34cb6ed0bf1357"
  integrity sha512-ae9gGCJQiusCcPxBBM6jxMpPlIZ7LrP+ibaX/iOTlopzIkEuxxYHGKFDeEKwNVo65BJlIy33AS/H4vX4aHfnHQ==
  dependencies:
    "@bpmn-io/diagram-js-ui" "^0.2.3"
    clsx "^2.1.0"
    didi "^10.2.2"
    inherits-browser "^0.1.0"
    min-dash "^4.1.0"
    min-dom "^4.2.1"
    object-refs "^0.4.0"
    path-intersection "^3.0.0"
    tiny-svg "^3.1.2"

didi@^10.2.2:
  version "10.2.2"
  resolved "https://registry.yarnpkg.com/didi/-/didi-10.2.2.tgz#438741b8281be97cdedd8da2a42c307a918b9706"
  integrity sha512-l8NYkYFXV1izHI65EyT8EXOjUZtKmQkHLTT89cSP7HU5J/G7AOj0dXKtLc04EXYlga99PBY18IPjOeZ+c3DI4w==

domify@^1.4.1:
  version "1.4.2"
  resolved "https://registry.yarnpkg.com/domify/-/domify-1.4.2.tgz#2d3e8ac49cae41206cc84be31ca401050ae780a6"
  integrity sha512-m4yreHcUWHBncGVV7U+yQzc12vIlq0jMrtHZ5mW6dQMiL/7skSYNVX9wqKwOtyO9SGCgevrAFEgOCAHmamHTUA==

domify@^2.0.0:
  version "2.0.0"
  resolved "https://registry.yarnpkg.com/domify/-/domify-2.0.0.tgz#951f0c36ff960b1cc527444f41819c765336dca8"
  integrity sha512-rmvrrmWQPD/X1A/nPBfIVg4r05792QdG9Z4Prk6oQG0F9zBMDkr0GKAdds1wjb2dq1rTz/ywc4ZxpZbgz0tttg==

feelers@^1.4.0:
  version "1.4.0"
  resolved "https://registry.yarnpkg.com/feelers/-/feelers-1.4.0.tgz#b0fc2c5e387f27ba171f044d229d4755771bb8a5"
  integrity sha512-CGa/7ILuqoqTaeYeoKsg/4tzu2es9sEEJTmSjdu0lousZBw4V9gcYhHYFNmbrSrKmbAVfOzj6/DsymGJWFIOeg==
  dependencies:
    "@bpmn-io/cm-theme" "^0.1.0-alpha.2"
    "@bpmn-io/feel-lint" "^1.2.0"
    "@codemirror/autocomplete" "^6.10.1"
    "@codemirror/commands" "^6.3.0"
    "@codemirror/language" "^6.9.1"
    "@codemirror/lint" "^6.4.2"
    "@codemirror/state" "^6.3.0"
    "@codemirror/view" "^6.21.3"
    "@lezer/common" "^1.1.0"
    "@lezer/highlight" "^1.1.6"
    "@lezer/lr" "^1.3.13"
    "@lezer/markdown" "^1.1.0"
    feelin "^3.0.1"
    lezer-feel "^1.2.4"
    min-dom "^5.0.0"

feelin@^3.0.1:
  version "3.1.2"
  resolved "https://registry.yarnpkg.com/feelin/-/feelin-3.1.2.tgz#8f171a06801230130b8c379187b98c28778b1d0e"
  integrity sha512-fu8MVT54I58IU0OOuyUyx4E0hOwTZ5dKmPyv99Q93UMZhPCZwdu+s0jvI+O85WvV+P6CTbs9qwb2h9GjRtoI6w==
  dependencies:
    "@lezer/lr" "^1.4.2"
    lezer-feel "^1.2.9"
    luxon "^3.5.0"

focus-trap@^7.5.2:
  version "7.6.0"
  resolved "https://registry.yarnpkg.com/focus-trap/-/focus-trap-7.6.0.tgz#7f3edab8135eaca92ab59b6e963eb5cc42ded715"
  integrity sha512-1td0l3pMkWJLFipobUcGaf+5DTY4PLDDrcqoSaKP8ediO/CoWCCYk/fT/Y2A4e6TNB+Sh6clRJCjOPPnKoNHnQ==
  dependencies:
    tabbable "^6.2.0"

htm@^3.1.1:
  version "3.1.1"
  resolved "https://registry.yarnpkg.com/htm/-/htm-3.1.1.tgz#49266582be0dc66ed2235d5ea892307cc0c24b78"
  integrity sha512-983Vyg8NwUE7JkZ6NmOqpCZ+sh1bKv2iYTlUkzlWmA5JD2acKoxd4KVxbMmxX/85mtfdnDmTFoNKcg5DGAvxNQ==

ids@^1.0.5:
  version "1.0.5"
  resolved "https://registry.yarnpkg.com/ids/-/ids-1.0.5.tgz#0aeb4777e77e0017a983c9f7b0ca0cccf352afe4"
  integrity sha512-XQ0yom/4KWTL29sLG+tyuycy7UmeaM/79GRtSJq6IG9cJGIPeBz5kwDCguie3TwxaMNIc3WtPi0cTa1XYHicpw==

inherits-browser@^0.1.0:
  version "0.1.0"
  resolved "https://registry.yarnpkg.com/inherits-browser/-/inherits-browser-0.1.0.tgz#893a7c9cc78f2a1e18093aaa203bbb8cf5c30511"
  integrity sha512-CJHHvW3jQ6q7lzsXPpapLdMx5hDpSF3FSh45pwsj6bKxJJ8Nl8v43i5yXnr3BdfOimGHKyniewQtnAIp3vyJJw==

lang-feel@^2.1.1:
  version "2.2.0"
  resolved "https://registry.yarnpkg.com/lang-feel/-/lang-feel-2.2.0.tgz#55e16862dbf53189def4c998d3b39602819b95f7"
  integrity sha512-Ebo5nftYsMfJzB3Ny8Oy4oaDXZXb5x61qtVVmKv6aImvAZUbT76mD60ZbEilizjZQzsR2CcU1iMK5sacIa1NVA==
  dependencies:
    "@codemirror/autocomplete" "^6.16.2"
    "@codemirror/language" "^6.10.2"
    "@codemirror/state" "^6.4.1"
    "@codemirror/view" "^6.28.1"
    "@lezer/common" "^1.2.1"
    lezer-feel "^1.3.0"

lezer-feel@^1.2.3, lezer-feel@^1.2.4, lezer-feel@^1.2.9, lezer-feel@^1.3.0:
  version "1.4.0"
  resolved "https://registry.yarnpkg.com/lezer-feel/-/lezer-feel-1.4.0.tgz#468b0514541e273b0dad5e041c86ba28172b9322"
  integrity sha512-kNxG7O38gwpuYy+C3JCRxQNTCE2qu9uTuH5dE3EGVnRhIQMe6rPDz0S8t3urLEOsMud6HI795m6zX2ujfUaqTw==
  dependencies:
    "@lezer/highlight" "^1.2.1"
    "@lezer/lr" "^1.4.2"
    min-dash "^4.2.1"

luxon@^3.5.0:
  version "3.5.0"
  resolved "https://registry.yarnpkg.com/luxon/-/luxon-3.5.0.tgz#6b6f65c5cd1d61d1fd19dbf07ee87a50bf4b8e20"
  integrity sha512-rh+Zjr6DNfUYR3bPwJEnuwDdqMbxZW7LOQfUN4B54+Cl+0o5zaU9RJ6bcidfDtC1cWCZXQ+nvX8bf6bAji37QQ==

min-dash@^4.0.0, min-dash@^4.1.0, min-dash@^4.1.1, min-dash@^4.2.1:
  version "4.2.2"
  resolved "https://registry.yarnpkg.com/min-dash/-/min-dash-4.2.2.tgz#f9d3b6d5901e3a627f926013bcfd9efb2cad93a3"
  integrity sha512-qbhSYUxk6mBaF096B3JOQSumXbKWHenmT97cSpdNzgkWwGjhjhE/KZODCoDNhI2I4C9Cb6R/Q13S4BYkUSXoXQ==

min-dom@^4.0.3, min-dom@^4.2.1:
  version "4.2.1"
  resolved "https://registry.yarnpkg.com/min-dom/-/min-dom-4.2.1.tgz#7154cd30f48bd81222e1d55eef437be9ca9f505e"
  integrity sha512-TMoL8SEEIhUWYgkj7XMSgxmwSyGI+4fP2KFFGnN3FbHfbGHVdsLYSz8LoIsgPhz4dWRmLvxWWSMgzZMJW5sZuA==
  dependencies:
    component-event "^0.2.1"
    domify "^1.4.1"
    min-dash "^4.2.1"

min-dom@^5.0.0:
  version "5.1.1"
  resolved "https://registry.yarnpkg.com/min-dom/-/min-dom-5.1.1.tgz#9c75026e241182f81c9133077470bca5dcaa3f98"
  integrity sha512-GaKUlguMAofd3OJsB0OkP17i5kucKqErgVCJxPawO9l5NwIPnr28SAr99zzlzMCWWljISBYrnZVWdE2Q92YGFQ==
  dependencies:
    domify "^2.0.0"
    min-dash "^4.2.1"

moddle-xml@^11.0.0:
  version "11.0.0"
  resolved "https://registry.yarnpkg.com/moddle-xml/-/moddle-xml-11.0.0.tgz#4f6084e7bc09181844f292b795e8752eac93eb9a"
  integrity sha512-L3Sseepfcq9Uy0iIfqEDTXSoYLva1Y/JGbN/4AMOeQ6cqbu8Ma/SDJIdOFm7smsAa64j2z3SwCGG3FIilQVnUg==
  dependencies:
    min-dash "^4.0.0"
    saxen "^10.0.0"

moddle@^7.0.0:
  version "7.0.0"
  resolved "https://registry.yarnpkg.com/moddle/-/moddle-7.0.0.tgz#d543e2816a98ed83c516af817dd639b13eeca8c5"
  integrity sha512-Hpte2hfKDwoZWPvDngsEHjloPnO+sKMUVkAPc0r9PrpnVLqsyPUTV0ZQU8CAp87YmRZ9QzeQMJxdKbaP9vEIKA==
  dependencies:
    min-dash "^4.2.1"

object-refs@^0.4.0:
  version "0.4.0"
  resolved "https://registry.yarnpkg.com/object-refs/-/object-refs-0.4.0.tgz#c04d929b32061f469a513724b7d0334ab2d90ede"
  integrity sha512-6kJqKWryKZmtte6QYvouas0/EIJKPI1/MMIuRsiBlNuhIMfqYTggzX2F1AJ2+cDs288xyi9GL7FyasHINR98BQ==

path-intersection@^3.0.0:
  version "3.1.0"
  resolved "https://registry.yarnpkg.com/path-intersection/-/path-intersection-3.1.0.tgz#a983d9fbce161a3b03d94c1deadbf979b6364ad5"
  integrity sha512-3xS3lvv/vuwm5aH2BVvNRvnvwR2Drde7jQClKpCXTYXIMMjcw/EnMhzCgeHwqbCpzi760PEfAkU53vSIlrNr9A==

preact@^10.11.2:
  version "10.24.3"
  resolved "https://registry.yarnpkg.com/preact/-/preact-10.24.3.tgz#086386bd47071e3b45410ef20844c21e23828f64"
  integrity sha512-Z2dPnBnMUfyQfSQ+GBdsGa16hz35YmLmtTLhM169uW944hYL6xzTYkJjC07j+Wosz733pMWx0fgON3JNw1jJQA==

saxen@^10.0.0:
  version "10.0.0"
  resolved "https://registry.yarnpkg.com/saxen/-/saxen-10.0.0.tgz#d7d235bcea1b461c6aab8cb413e0e115304f1c9c"
  integrity sha512-RXsmWok/SAWqOG/f5ADEz51DN9WtZEzqih3e08ranldcaXekxjx8NBKjGh/y5hlowjo0JH/LekBu6gtPFD1G6g==

style-mod@^4.0.0, style-mod@^4.1.0:
  version "4.1.2"
  resolved "https://registry.yarnpkg.com/style-mod/-/style-mod-4.1.2.tgz#ca238a1ad4786520f7515a8539d5a63691d7bf67"
  integrity sha512-wnD1HyVqpJUI2+eKZ+eo1UwghftP6yuFheBqqe+bWCotBjC2K1YnteJILRMs3SM4V/0dLEW1SC27MWP5y+mwmw==

tabbable@^6.2.0:
  version "6.2.0"
  resolved "https://registry.yarnpkg.com/tabbable/-/tabbable-6.2.0.tgz#732fb62bc0175cfcec257330be187dcfba1f3b97"
  integrity sha512-Cat63mxsVJlzYvN51JmVXIgNoUokrIaT2zLclCXjRd8boZ0004U4KCs/sToJ75C6sdlByWxpYnb5Boif1VSFew==

tiny-svg@^3.1.2:
  version "3.1.3"
  resolved "https://registry.yarnpkg.com/tiny-svg/-/tiny-svg-3.1.3.tgz#c1cc029908bb1473f41c35b6c305117a51bad668"
  integrity sha512-9mwnPqXInRsBmH/DO6NMxBE++9LsqpVXQSSTZGc5bomoKKvL5OX/Hlotw7XVXP6XLRcHWIzZpxfovGqWKgCypQ==

w3c-keyname@^2.2.4:
  version "2.2.8"
  resolved "https://registry.yarnpkg.com/w3c-keyname/-/w3c-keyname-2.2.8.tgz#7b17c8c6883d4e8b86ac8aba79d39e880f8869c5"
  integrity sha512-dpojBhNsCNN7T82Tm7k26A6G9ML3NkhDsnw9n/eoxSRlVBB4CEtIQ/KTCLI2Fwf3ataSXRhYFkQi3SlnFwPvPQ==
